# THIS IS AN AUTOGENERATED FILE. DO NOT EDIT THIS FILE DIRECTLY.
# yarn lockfile v1


accepts@1.3.3:
  version "1.3.3"
  resolved "http://r.cnpmjs.org/accepts/download/accepts-1.3.3.tgz#c3ca7434938648c3e0d9c1e328dd68b622c284ca"
  dependencies:
    mime-types "~2.1.11"
    negotiator "0.6.1"

accepts@~1.1.3:
  version "1.1.4"
  resolved "http://r.cnpmjs.org/accepts/download/accepts-1.1.4.tgz#d71c96f7d41d0feda2c38cd14e8a27c04158df4a"
  dependencies:
    mime-types "~2.0.4"
    negotiator "0.4.9"

after@0.8.1:
  version "0.8.1"
  resolved "http://r.cnpmjs.org/after/download/after-0.8.1.tgz#ab5d4fb883f596816d3515f8f791c0af486dd627"

arraybuffer.slice@0.0.6:
  version "0.0.6"
  resolved "http://r.cnpmjs.org/arraybuffer.slice/download/arraybuffer.slice-0.0.6.tgz#f33b2159f0532a3f3107a272c0ccfbd1ad2979ca"

backo2@1.0.2:
  version "1.0.2"
  resolved "http://r.cnpmjs.org/backo2/download/backo2-1.0.2.tgz#31ab1ac8b129363463e35b3ebb69f4dfcfba7947"

base64-arraybuffer@0.1.5:
  version "0.1.5"
  resolved "http://r.cnpmjs.org/base64-arraybuffer/download/base64-arraybuffer-0.1.5.tgz#73926771923b5a19747ad666aa5cd4bf9c6e9ce8"

base64id@0.1.0:
  version "0.1.0"
  resolved "http://r.cnpmjs.org/base64id/download/base64id-0.1.0.tgz#02ce0fdeee0cef4f40080e1e73e834f0b1bfce3f"

better-assert@~1.0.0:
  version "1.0.2"
  resolved "http://r.cnpmjs.org/better-assert/download/better-assert-1.0.2.tgz#40866b9e1b9e0b55b481894311e68faffaebc522"
  dependencies:
    callsite "1.0.0"

blob@0.0.4:
  version "0.0.4"
  resolved "http://r.cnpmjs.org/blob/download/blob-0.0.4.tgz#bcf13052ca54463f30f9fc7e95b9a47630a94921"

callsite@1.0.0:
  version "1.0.0"
  resolved "http://r.cnpmjs.org/callsite/download/callsite-1.0.0.tgz#280398e5d664bd74038b6f0905153e6e8af1bc20"

component-bind@1.0.0:
  version "1.0.0"
  resolved "http://r.cnpmjs.org/component-bind/download/component-bind-1.0.0.tgz#00c608ab7dcd93897c0009651b1d3a8e1e73bbd1"

component-emitter@1.1.2:
  version "1.1.2"
  resolved "http://r.cnpmjs.org/component-emitter/download/component-emitter-1.1.2.tgz#296594f2753daa63996d2af08d15a95116c9aec3"

component-emitter@1.2.1:
  version "1.2.1"
  resolved "http://r.cnpmjs.org/component-emitter/download/component-emitter-1.2.1.tgz#137918d6d78283f7df7a6b7c5a63e140e69425e6"

component-inherit@0.0.3:
  version "0.0.3"
  resolved "http://r.cnpmjs.org/component-inherit/download/component-inherit-0.0.3.tgz#645fc4adf58b72b649d5cae65135619db26ff143"

content-disposition@0.5.0:
  version "0.5.0"
  resolved "http://r.cnpmjs.org/content-disposition/download/content-disposition-0.5.0.tgz#4284fe6ae0630874639e44e80a418c2934135e9e"

cookie-signature@1.0.5:
  version "1.0.5"
  resolved "http://r.cnpmjs.org/cookie-signature/download/cookie-signature-1.0.5.tgz#a122e3f1503eca0f5355795b0711bb2368d450f9"

cookie@0.1.2:
  version "0.1.2"
  resolved "http://r.cnpmjs.org/cookie/download/cookie-0.1.2.tgz#72fec3d24e48a3432073d90c12642005061004b1"

cookie@0.3.1:
  version "0.3.1"
  resolved "http://r.cnpmjs.org/cookie/download/cookie-0.3.1.tgz#e7e0a1f9ef43b4c8ba925c5c5a96e806d16873bb"

crc@3.2.1:
  version "3.2.1"
  resolved "http://r.cnpmjs.org/crc/download/crc-3.2.1.tgz#5d9c8fb77a245cd5eca291e5d2d005334bab0082"

debug@2.2.0:
  version "2.2.0"
  resolved "http://r.cnpmjs.org/debug/download/debug-2.2.0.tgz#f87057e995b1a1f6ae6a4960664137bc56f039da"
  dependencies:
    ms "0.7.1"

debug@2.3.3:
  version "2.3.3"
  resolved "http://r.cnpmjs.org/debug/download/debug-2.3.3.tgz#40c453e67e6e13c901ddec317af8986cda9eff8c"
  dependencies:
    ms "0.7.2"

debug@~2.1.0:
  version "2.1.3"
  resolved "http://r.cnpmjs.org/debug/download/debug-2.1.3.tgz#ce8ab1b5ee8fbee2bfa3b633cab93d366b63418e"
  dependencies:
    ms "0.7.0"

depd@~1.0.0:
  version "1.0.1"
  resolved "http://r.cnpmjs.org/depd/download/depd-1.0.1.tgz#80aec64c9d6d97e65cc2a9caa93c0aa6abf73aaa"

destroy@1.0.3:
  version "1.0.3"
  resolved "http://r.cnpmjs.org/destroy/download/destroy-1.0.3.tgz#b433b4724e71fd8551d9885174851c5fc377e2c9"

ee-first@1.1.0:
  version "1.1.0"
  resolved "http://r.cnpmjs.org/ee-first/download/ee-first-1.1.0.tgz#6a0d7c6221e490feefd92ec3f441c9ce8cd097f4"

engine.io-client@1.8.1:
  version "1.8.1"
  resolved "http://r.cnpmjs.org/engine.io-client/download/engine.io-client-1.8.1.tgz#71237e9bbce04862675d4d6bfbef351c8b6a35a3"
  dependencies:
    component-emitter "1.2.1"
    component-inherit "0.0.3"
    debug "2.3.3"
    engine.io-parser "1.3.1"
    has-cors "1.1.0"
    indexof "0.0.1"
    parsejson "0.0.3"
    parseqs "0.0.5"
    parseuri "0.0.5"
    ws "1.1.1"
    xmlhttprequest-ssl "1.5.3"
    yeast "0.1.2"

engine.io-parser@1.3.1:
  version "1.3.1"
  resolved "http://r.cnpmjs.org/engine.io-parser/download/engine.io-parser-1.3.1.tgz#9554f1ae33107d6fbd170ca5466d2f833f6a07cf"
  dependencies:
    after "0.8.1"
    arraybuffer.slice "0.0.6"
    base64-arraybuffer "0.1.5"
    blob "0.0.4"
    has-binary "0.1.6"
    wtf-8 "1.0.0"

engine.io@1.8.1:
  version "1.8.1"
  resolved "http://r.cnpmjs.org/engine.io/download/engine.io-1.8.1.tgz#20066ea903304f13ee37f10faaff6b4784f64373"
  dependencies:
    accepts "1.3.3"
    base64id "0.1.0"
    cookie "0.3.1"
    debug "2.3.3"
    engine.io-parser "1.3.1"
    ws "1.1.1"

escape-html@1.0.1:
  version "1.0.1"
  resolved "http://r.cnpmjs.org/escape-html/download/escape-html-1.0.1.tgz#181a286ead397a39a92857cfb1d43052e356bff0"

etag@~1.5.0:
  version "1.5.1"
  resolved "http://r.cnpmjs.org/etag/download/etag-1.5.1.tgz#54c50de04ee42695562925ac566588291be7e9ea"
  dependencies:
    crc "3.2.1"

express@4.10.2:
  version "4.10.2"
  resolved "http://r.cnpmjs.org/express/download/express-4.10.2.tgz#df06dde94d968932829d440a2004c5efe64495b0"
  dependencies:
    accepts "~1.1.3"
    content-disposition "0.5.0"
    cookie "0.1.2"
    cookie-signature "1.0.5"
    debug "~2.1.0"
    depd "~1.0.0"
    escape-html "1.0.1"
    etag "~1.5.0"
    finalhandler "0.3.2"
    fresh "0.2.4"
    media-typer "0.3.0"
    merge-descriptors "0.0.2"
    methods "1.1.0"
    on-finished "~2.1.1"
    parseurl "~1.3.0"
    path-to-regexp "0.1.3"
    proxy-addr "~1.0.3"
    qs "2.3.2"
    range-parser "~1.0.2"
    send "0.10.1"
    serve-static "~1.7.1"
    type-is "~1.5.3"
    utils-merge "1.0.0"
    vary "~1.0.0"

finalhandler@0.3.2:
  version "0.3.2"
  resolved "http://r.cnpmjs.org/finalhandler/download/finalhandler-0.3.2.tgz#7b389b0fd3647a6f90bd564e22624bf8a4a77fb5"
  dependencies:
    debug "~2.1.0"
    escape-html "1.0.1"
    on-finished "~2.1.1"

forwarded@~0.1.0:
  version "0.1.0"
  resolved "http://r.cnpmjs.org/forwarded/download/forwarded-0.1.0.tgz#19ef9874c4ae1c297bcf078fde63a09b66a84363"

fresh@0.2.4:
  version "0.2.4"
  resolved "http://r.cnpmjs.org/fresh/download/fresh-0.2.4.tgz#3582499206c9723714190edd74b4604feb4a614c"

has-binary@0.1.6:
  version "0.1.6"
  resolved "http://r.cnpmjs.org/has-binary/download/has-binary-0.1.6.tgz#25326f39cfa4f616ad8787894e3af2cfbc7b6e10"
  dependencies:
    isarray "0.0.1"

has-binary@0.1.7:
  version "0.1.7"
  resolved "http://r.cnpmjs.org/has-binary/download/has-binary-0.1.7.tgz#68e61eb16210c9545a0a5cce06a873912fe1e68c"
  dependencies:
    isarray "0.0.1"

has-cors@1.1.0:
  version "1.1.0"
  resolved "http://r.cnpmjs.org/has-cors/download/has-cors-1.1.0.tgz#5e474793f7ea9843d1bb99c23eef49ff126fff39"

indexof@0.0.1:
  version "0.0.1"
  resolved "http://r.cnpmjs.org/indexof/download/indexof-0.0.1.tgz#82dc336d232b9062179d05ab3293a66059fd435d"

ipaddr.js@1.0.5:
  version "1.0.5"
  resolved "http://r.cnpmjs.org/ipaddr.js/download/ipaddr.js-1.0.5.tgz#5fa78cf301b825c78abc3042d812723049ea23c7"

isarray@0.0.1:
  version "0.0.1"
  resolved "http://r.cnpmjs.org/isarray/download/isarray-0.0.1.tgz#8a18acfca9a8f4177e09abfc6038939b05d1eedf"

json3@3.3.2:
  version "3.3.2"
  resolved "http://r.cnpmjs.org/json3/download/json3-3.3.2.tgz#3c0434743df93e2f5c42aee7b19bcb483575f4e1"

media-typer@0.3.0:
  version "0.3.0"
  resolved "http://r.cnpmjs.org/media-typer/download/media-typer-0.3.0.tgz#8710d7af0aa626f8fffa1ce00168545263255748"

merge-descriptors@0.0.2:
  version "0.0.2"
  resolved "http://r.cnpmjs.org/merge-descriptors/download/merge-descriptors-0.0.2.tgz#c36a52a781437513c57275f39dd9d317514ac8c7"

methods@1.1.0:
  version "1.1.0"
  resolved "http://r.cnpmjs.org/methods/download/methods-1.1.0.tgz#5dca4ee12df52ff3b056145986a8f01cbc86436f"

mime-db@~1.12.0:
  version "1.12.0"
  resolved "http://r.cnpmjs.org/mime-db/download/mime-db-1.12.0.tgz#3d0c63180f458eb10d325aaa37d7c58ae312e9d7"

mime-db@~1.25.0:
  version "1.25.0"
  resolved "http://r.cnpmjs.org/mime-db/download/mime-db-1.25.0.tgz#c18dbd7c73a5dbf6f44a024dc0d165a1e7b1c392"

mime-types@~2.0.4, mime-types@~2.0.9:
  version "2.0.14"
  resolved "http://r.cnpmjs.org/mime-types/download/mime-types-2.0.14.tgz#310e159db23e077f8bb22b748dabfa4957140aa6"
  dependencies:
    mime-db "~1.12.0"

mime-types@~2.1.11:
  version "2.1.13"
  resolved "http://r.cnpmjs.org/mime-types/download/mime-types-2.1.13.tgz#e07aaa9c6c6b9a7ca3012c69003ad25a39e92a88"
  dependencies:
    mime-db "~1.25.0"

mime@1.2.11:
  version "1.2.11"
  resolved "http://r.cnpmjs.org/mime/download/mime-1.2.11.tgz#58203eed86e3a5ef17aed2b7d9ebd47f0a60dd10"

ms@0.6.2:
  version "0.6.2"
  resolved "http://r.cnpmjs.org/ms/download/ms-0.6.2.tgz#d89c2124c6fdc1353d65a8b77bf1aac4b193708c"

ms@0.7.0:
  version "0.7.0"
  resolved "http://r.cnpmjs.org/ms/download/ms-0.7.0.tgz#865be94c2e7397ad8a57da6a633a6e2f30798b83"

ms@0.7.1:
  version "0.7.1"
  resolved "http://r.cnpmjs.org/ms/download/ms-0.7.1.tgz#9cd13c03adbff25b65effde7ce864ee952017098"

ms@0.7.2:
  version "0.7.2"
  resolved "http://r.cnpmjs.org/ms/download/ms-0.7.2.tgz#ae25cf2512b3885a1d95d7f037868d8431124765"

negotiator@0.4.9:
  version "0.4.9"
  resolved "http://r.cnpmjs.org/negotiator/download/negotiator-0.4.9.tgz#92e46b6db53c7e421ed64a2bc94f08be7630df3f"

negotiator@0.6.1:
  version "0.6.1"
  resolved "http://r.cnpmjs.org/negotiator/download/negotiator-0.6.1.tgz#2b327184e8992101177b28563fb5e7102acd0ca9"

object-assign@4.1.0:
  version "4.1.0"
  resolved "http://r.cnpmjs.org/object-assign/download/object-assign-4.1.0.tgz#7a3b3d0e98063d43f4c03f2e8ae6cd51a86883a0"

object-component@0.0.3:
  version "0.0.3"
  resolved "http://r.cnpmjs.org/object-component/download/object-component-0.0.3.tgz#f0c69aa50efc95b866c186f400a33769cb2f1291"

on-finished@~2.1.1:
  version "2.1.1"
  resolved "http://r.cnpmjs.org/on-finished/download/on-finished-2.1.1.tgz#f82ca1c9e3a4f3286b1b9938610e5b8636bd3cb2"
  dependencies:
    ee-first "1.1.0"

options@>=0.0.5:
  version "0.0.6"
  resolved "http://r.cnpmjs.org/options/download/options-0.0.6.tgz#ec22d312806bb53e731773e7cdaefcf1c643128f"

parsejson@0.0.3:
  version "0.0.3"
  resolved "http://r.cnpmjs.org/parsejson/download/parsejson-0.0.3.tgz#ab7e3759f209ece99437973f7d0f1f64ae0e64ab"
  dependencies:
    better-assert "~1.0.0"

parseqs@0.0.5:
  version "0.0.5"
  resolved "http://r.cnpmjs.org/parseqs/download/parseqs-0.0.5.tgz#d5208a3738e46766e291ba2ea173684921a8b89d"
  dependencies:
    better-assert "~1.0.0"

parseuri@0.0.5:
  version "0.0.5"
  resolved "http://r.cnpmjs.org/parseuri/download/parseuri-0.0.5.tgz#80204a50d4dbb779bfdc6ebe2778d90e4bce320a"
  dependencies:
    better-assert "~1.0.0"

parseurl@~1.3.0:
  version "1.3.1"
  resolved "http://r.cnpmjs.org/parseurl/download/parseurl-1.3.1.tgz#c8ab8c9223ba34888aa64a297b28853bec18da56"

path-to-regexp@0.1.3:
  version "0.1.3"
  resolved "http://r.cnpmjs.org/path-to-regexp/download/path-to-regexp-0.1.3.tgz#21b9ab82274279de25b156ea08fd12ca51b8aecb"

proxy-addr@~1.0.3:
  version "1.0.10"
  resolved "http://r.cnpmjs.org/proxy-addr/download/proxy-addr-1.0.10.tgz#0d40a82f801fc355567d2ecb65efe3f077f121c5"
  dependencies:
    forwarded "~0.1.0"
    ipaddr.js "1.0.5"

qs@2.3.2:
  version "2.3.2"
  resolved "http://r.cnpmjs.org/qs/download/qs-2.3.2.tgz#d45ec249e4b9b029af008829a101d5ff7e972790"

range-parser@~1.0.2:
  version "1.0.3"
  resolved "http://r.cnpmjs.org/range-parser/download/range-parser-1.0.3.tgz#6872823535c692e2c2a0103826afd82c2e0ff175"

send@0.10.1:
  version "0.10.1"
  resolved "http://r.cnpmjs.org/send/download/send-0.10.1.tgz#7745c50ec72f115115980e8fb179aec01900e08a"
  dependencies:
    debug "~2.1.0"
    depd "~1.0.0"
    destroy "1.0.3"
    escape-html "1.0.1"
    etag "~1.5.0"
    fresh "0.2.4"
    mime "1.2.11"
    ms "0.6.2"
    on-finished "~2.1.1"
    range-parser "~1.0.2"

serve-static@~1.7.1:
  version "1.7.2"
  resolved "http://r.cnpmjs.org/serve-static/download/serve-static-1.7.2.tgz#3164ce06d4e6c3459bdcc9d6018fb4fb35e84b39"
  dependencies:
    escape-html "1.0.1"
    parseurl "~1.3.0"
    send "0.10.1"
    utils-merge "1.0.0"

socket.io-adapter@0.5.0:
  version "0.5.0"
  resolved "http://r.cnpmjs.org/socket.io-adapter/download/socket.io-adapter-0.5.0.tgz#cb6d4bb8bec81e1078b99677f9ced0046066bb8b"
  dependencies:
    debug "2.3.3"
    socket.io-parser "2.3.1"

socket.io-client@1.7.1:
  version "1.7.1"
  resolved "http://r.cnpmjs.org/socket.io-client/download/socket.io-client-1.7.1.tgz#6c23725edff804f3919c1ce4ebb25e591c6e61d7"
  dependencies:
    backo2 "1.0.2"
    component-bind "1.0.0"
    component-emitter "1.2.1"
    debug "2.3.3"
    engine.io-client "1.8.1"
    has-binary "0.1.7"
    indexof "0.0.1"
    object-component "0.0.3"
    parseuri "0.0.5"
    socket.io-parser "2.3.1"
    to-array "0.1.4"

socket.io-parser@2.3.1:
  version "2.3.1"
  resolved "http://r.cnpmjs.org/socket.io-parser/download/socket.io-parser-2.3.1.tgz#dd532025103ce429697326befd64005fcfe5b4a0"
  dependencies:
    component-emitter "1.1.2"
    debug "2.2.0"
    isarray "0.0.1"
    json3 "3.3.2"

socket.io@^1.7.1:
  version "1.7.1"
  resolved "http://r.cnpmjs.org/socket.io/download/socket.io-1.7.1.tgz#a34d763fd22cd975643c2f0c7c5f14ba6da80aaf"
  dependencies:
    debug "2.3.3"
    engine.io "1.8.1"
    has-binary "0.1.7"
    object-assign "4.1.0"
    socket.io-adapter "0.5.0"
    socket.io-client "1.7.1"
    socket.io-parser "2.3.1"

to-array@0.1.4:
  version "0.1.4"
  resolved "http://r.cnpmjs.org/to-array/download/to-array-0.1.4.tgz#17e6c11f73dd4f3d74cda7a4ff3238e9ad9bf890"

type-is@~1.5.3:
  version "1.5.7"
  resolved "http://r.cnpmjs.org/type-is/download/type-is-1.5.7.tgz#b9368a593cc6ef7d0645e78b2f4c64cbecd05e90"
  dependencies:
    media-typer "0.3.0"
    mime-types "~2.0.9"

ultron@1.0.x:
  version "1.0.2"
  resolved "http://r.cnpmjs.org/ultron/download/ultron-1.0.2.tgz#ace116ab557cd197386a4e88f4685378c8b2e4fa"

utils-merge@1.0.0:
  version "1.0.0"
  resolved "http://r.cnpmjs.org/utils-merge/download/utils-merge-1.0.0.tgz#0294fb922bb9375153541c4f7096231f287c8af8"

vary@~1.0.0:
  version "1.0.1"
  resolved "http://r.cnpmjs.org/vary/download/vary-1.0.1.tgz#99e4981566a286118dfb2b817357df7993376d10"

ws@1.1.1:
  version "1.1.1"
  resolved "http://r.cnpmjs.org/ws/download/ws-1.1.1.tgz#082ddb6c641e85d4bb451f03d52f06eabdb1f018"
  dependencies:
    options ">=0.0.5"
    ultron "1.0.x"

wtf-8@1.0.0:
  version "1.0.0"
  resolved "http://r.cnpmjs.org/wtf-8/download/wtf-8-1.0.0.tgz#392d8ba2d0f1c34d1ee2d630f15d0efb68e1048a"

xmlhttprequest-ssl@1.5.3:
  version "1.5.3"
  resolved "http://r.cnpmjs.org/xmlhttprequest-ssl/download/xmlhttprequest-ssl-1.5.3.tgz#185a888c04eca46c3e4070d99f7b49de3528992d"

yeast@0.1.2:
  version "0.1.2"
  resolved "http://r.cnpmjs.org/yeast/download/yeast-0.1.2.tgz#008e06d8094320c372dbc2f8ed76a0ca6c8ac419"
